hash: 0941565261e273bc07ae8826233f10f3bfae2f2c03f0338b645b3e0d020a60f3
updated: 2016-10-18T16:13:19.990760886+08:00
imports:
- name: github.com/google/gopacket
  version: aa09ced736460d76535444c825932a0742975f7d
  subpackages:
  - layers
  - pcap
  - tcpassembly
  - tcpassembly/tcpreader
- name: golang.org/x/text
  version: a3ead2188418b52a904ef73f19311038a07ffc3c
  subpackages:
  - encoding
  - encoding/charmap
  - encoding/htmlindex
  - encoding/internal
  - encoding/internal/identifier
  - encoding/japanese
  - encoding/korean
  - encoding/simplifiedchinese
  - encoding/traditionalchinese
  - encoding/unicode
  - internal/tag
  - internal/utf8internal
  - language
  - runes
  - transform
testImports: []
